{
  "name": "example",
  "version": "0.1.0",
  "lockfileVersion": 3,
  "requires": true,
  "packages": {
    "": {
      "name": "example",
      "version": "0.1.0",
      "dependencies": {
        "superscript": "file:../../target/node"
      }
    },
    "../../target/node": {
      "name": "superscript",
      "version": "0.1.19"
    },
    "node_modules/superscript": {
      "resolved": "../../target/node",
      "link": true
    }
  }
}
